{
  "name": "maia-n8n-security-patches",
  "version": "1.0.0",
  "lockfileVersion": 3,
  "requires": true,
  "packages": {
    "": {
      "name": "maia-n8n-security-patches",
      "version": "1.0.0",
      "dependencies": {
        "fast-uri": "3.1.6",
        "nodemailer": "9.0.1",
        "toml": "4.2.0"
      }
    },
    "node_modules/fast-uri": {
      "version": "3.1.6",
      "resolved": "https://registry.npmjs.org/fast-uri/-/fast-uri-3.1.6.tgz",
      "integrity": "sha512-7Ical1vFEMr0onbVzEDIreM22I4khW+fzyQPwvAFWBp1iwdshSZRsL4jjRvPG9JP1uiqMHRto+YU6R2/CzDz5Q==",
      "funding": [
        {
          "type": "github",
          "url": "https://github.com/sponsors/fastify"
        },
        {
          "type": "opencollective",
          "url": "https://opencollective.com/fastify"
        }
      ],
      "license": "BSD-3-Clause"
    },
    "node_modules/nodemailer": {
      "version": "9.0.1",
      "resolved": "https://registry.npmjs.org/nodemailer/-/nodemailer-9.0.1.tgz",
      "integrity": "sha512-Gwv8SQewT616ZM/URn0H54b8PWo/Wum7md3EW2aWy1lO27+WZCX+Xyak3J+NlmHUjDh5ME+uesJUDRbR3Ye8Bw==",
      "license": "MIT-0",
      "engines": {
        "node": ">=6.0.0"
      }
    },
    "node_modules/toml": {
      "version": "4.2.0",
      "resolved": "https://registry.npmjs.org/toml/-/toml-4.2.0.tgz",
      "integrity": "sha512-TvAJjbHZlYmI323+srtqHQFyJsoWy6mI09ppkuj9+iRsqsVKG9fvTcOP7FHF2UCb0QSYtjEavffrKzdd0XgClg==",
      "license": "MIT",
      "engines": {
        "node": ">=20"
      }
    }
  }
}
